
Microsoft Visual Studio Solution File, Format Version 12.00
# Visual Studio Version 17
VisualStudioVersion = 17.14.36511.14 d17.14
MinimumVisualStudioVersion = 10.0.40219.1
Project("{FAE04EC0-301F-11D3-BF4B-00C04F79EFBC}") = "StudentApp", "StudentApp\StudentApp.csproj", "{C6BC9782-AD0C-432C-8883-F0623ADB4243}"
EndProject
Global
	GlobalSection(SolutionConfigurationPlatforms) = preSolution
		Debug|Any CPU = Debug|Any CPU
		Release|Any CPU = Release|Any CPU
	EndGlobalSection
	GlobalSection(ProjectConfigurationPlatforms) = postSolution
		{C6BC9782-AD0C-432C-8883-F0623ADB4243}.Debug|Any CPU.ActiveCfg = Debug|Any CPU
		{C6BC9782-AD0C-432C-8883-F0623ADB4243}.Debug|Any CPU.Build.0 = Debug|Any CPU
		{C6BC9782-AD0C-432C-8883-F0623ADB4243}.Release|Any CPU.ActiveCfg = Release|Any CPU
		{C6BC9782-AD0C-432C-8883-F0623ADB4243}.Release|Any CPU.Build.0 = Release|Any CPU
	EndGlobalSection
	GlobalSection(SolutionProperties) = preSolution
		HideSolutionNode = FALSE
	EndGlobalSection
	GlobalSection(ExtensibilityGlobals) = postSolution
		SolutionGuid = {9F76534D-7F41-431C-8C47-4DF98937B7E9}
	EndGlobalSection
EndGlobal
